Microsoft Visual Studio Solution File, Format Version 12.00
# Visual Studio Version 17
VisualStudioVersion = 17.5.2.0
MinimumVisualStudioVersion = 10.0.40219.1
Project("{FAE04EC0-301F-11D3-BF4B-00C04F79EFBC}") = "JexessmentService", "JexessmentService.csproj", "{72C8F04E-A769-C0B5-FC80-D1059D05A227}"
EndProject
Global
	GlobalSection(SolutionConfigurationPlatforms) = preSolution
		Debug|Any CPU = Debug|Any CPU
		Release|Any CPU = Release|Any CPU
	EndGlobalSection
	GlobalSection(ProjectConfigurationPlatforms) = postSolution
		{72C8F04E-A769-C0B5-FC80-D1059D05A227}.Debug|Any CPU.ActiveCfg = Debug|Any CPU
		{72C8F04E-A769-C0B5-FC80-D1059D05A227}.Debug|Any CPU.Build.0 = Debug|Any CPU
		{72C8F04E-A769-C0B5-FC80-D1059D05A227}.Release|Any CPU.ActiveCfg = Release|Any CPU
		{72C8F04E-A769-C0B5-FC80-D1059D05A227}.Release|Any CPU.Build.0 = Release|Any CPU
	EndGlobalSection
	GlobalSection(SolutionProperties) = preSolution
		HideSolutionNode = FALSE
	EndGlobalSection
	GlobalSection(ExtensibilityGlobals) = postSolution
		SolutionGuid = {E48D0C48-75B5-4254-B5A2-28B5E8C15A56}
	EndGlobalSection
EndGlobal
